
Microsoft Visual Studio Solution File, Format Version 12.00
# Visual Studio Version 17
VisualStudioVersion = 17.6.33829.357
MinimumVisualStudioVersion = 10.0.40219.1
Project("{FAE04EC0-301F-11D3-BF4B-00C04F79EFBC}") = "WpfApp1", "WpfApp1\WpfApp1.csproj", "{B213E0FB-387A-4E71-9E98-2A45D807AA8C}"
EndProject
Project("{FAE04EC0-301F-11D3-BF4B-00C04F79EFBC}") = "ConsoleApp1", "ConsoleApp1\ConsoleApp1.csproj", "{54016EB9-85B6-4CFD-92F5-C45F0707644C}"
EndProject
Global
	GlobalSection(SolutionConfigurationPlatforms) = preSolution
		Debug|Any CPU = Debug|Any CPU
		Release|Any CPU = Release|Any CPU
	EndGlobalSection
	GlobalSection(ProjectConfigurationPlatforms) = postSolution
		{B213E0FB-387A-4E71-9E98-2A45D807AA8C}.Debug|Any CPU.ActiveCfg = Debug|Any CPU
		{B213E0FB-387A-4E71-9E98-2A45D807AA8C}.Debug|Any CPU.Build.0 = Debug|Any CPU
		{B213E0FB-387A-4E71-9E98-2A45D807AA8C}.Release|Any CPU.ActiveCfg = Release|Any CPU
		{B213E0FB-387A-4E71-9E98-2A45D807AA8C}.Release|Any CPU.Build.0 = Release|Any CPU
		{54016EB9-85B6-4CFD-92F5-C45F0707644C}.Debug|Any CPU.ActiveCfg = Debug|Any CPU
		{54016EB9-85B6-4CFD-92F5-C45F0707644C}.Debug|Any CPU.Build.0 = Debug|Any CPU
		{54016EB9-85B6-4CFD-92F5-C45F0707644C}.Release|Any CPU.ActiveCfg = Release|Any CPU
		{54016EB9-85B6-4CFD-92F5-C45F0707644C}.Release|Any CPU.Build.0 = Release|Any CPU
	EndGlobalSection
	GlobalSection(SolutionProperties) = preSolution
		HideSolutionNode = FALSE
	EndGlobalSection
	GlobalSection(ExtensibilityGlobals) = postSolution
		SolutionGuid = {99B83D06-B702-4259-9B04-996FC96D5BC1}
	EndGlobalSection
EndGlobal
